Microsoft Visual Studio Solution File, Format Version 12.00
# Visual Studio Version 17
VisualStudioVersion = 17.5.2.0
MinimumVisualStudioVersion = 10.0.40219.1
Project("{FAE04EC0-301F-11D3-BF4B-00C04F79EFBC}") = "2a-tp01-2526", "2a-tp01-2526.csproj", "{AC295A59-38E6-950E-863D-FF912EC182EE}"
EndProject
Global
	GlobalSection(SolutionConfigurationPlatforms) = preSolution
		Debug|Any CPU = Debug|Any CPU
		Release|Any CPU = Release|Any CPU
	EndGlobalSection
	GlobalSection(ProjectConfigurationPlatforms) = postSolution
		{AC295A59-38E6-950E-863D-FF912EC182EE}.Debug|Any CPU.ActiveCfg = Debug|Any CPU
		{AC295A59-38E6-950E-863D-FF912EC182EE}.Debug|Any CPU.Build.0 = Debug|Any CPU
		{AC295A59-38E6-950E-863D-FF912EC182EE}.Release|Any CPU.ActiveCfg = Release|Any CPU
		{AC295A59-38E6-950E-863D-FF912EC182EE}.Release|Any CPU.Build.0 = Release|Any CPU
	EndGlobalSection
	GlobalSection(SolutionProperties) = preSolution
		HideSolutionNode = FALSE
	EndGlobalSection
	GlobalSection(ExtensibilityGlobals) = postSolution
		SolutionGuid = {5DB092B0-C315-4F88-89A6-36469D9775EC}
	EndGlobalSection
EndGlobal
